
Microsoft Visual Studio Solution File, Format Version 12.00
# Visual Studio Version 17
VisualStudioVersion = 17.5.33424.131
MinimumVisualStudioVersion = 10.0.40219.1
Project("{9A19103F-16F7-4668-BE54-9A1E7A4F7556}") = "ChallengeApp", "ChallengeApp\ChallengeApp.csproj", "{B6BDF84B-9710-4622-8D17-E862F6708476}"
EndProject
Project("{FAE04EC0-301F-11D3-BF4B-00C04F79EFBC}") = "ChallengeApp.Tests", "ChallengeApp.Tests\ChallengeApp.Tests.csproj", "{738363C7-E861-4F62-9E4E-3C4BB44D5113}"
EndProject
Global
	GlobalSection(SolutionConfigurationPlatforms) = preSolution
		Debug|Any CPU = Debug|Any CPU
		Release|Any CPU = Release|Any CPU
	EndGlobalSection
	GlobalSection(ProjectConfigurationPlatforms) = postSolution
		{B6BDF84B-9710-4622-8D17-E862F6708476}.Debug|Any CPU.ActiveCfg = Debug|Any CPU
		{B6BDF84B-9710-4622-8D17-E862F6708476}.Debug|Any CPU.Build.0 = Debug|Any CPU
		{B6BDF84B-9710-4622-8D17-E862F6708476}.Release|Any CPU.ActiveCfg = Release|Any CPU
		{B6BDF84B-9710-4622-8D17-E862F6708476}.Release|Any CPU.Build.0 = Release|Any CPU
		{738363C7-E861-4F62-9E4E-3C4BB44D5113}.Debug|Any CPU.ActiveCfg = Debug|Any CPU
		{738363C7-E861-4F62-9E4E-3C4BB44D5113}.Debug|Any CPU.Build.0 = Debug|Any CPU
		{738363C7-E861-4F62-9E4E-3C4BB44D5113}.Release|Any CPU.ActiveCfg = Release|Any CPU
		{738363C7-E861-4F62-9E4E-3C4BB44D5113}.Release|Any CPU.Build.0 = Release|Any CPU
	EndGlobalSection
	GlobalSection(SolutionProperties) = preSolution
		HideSolutionNode = FALSE
	EndGlobalSection
	GlobalSection(ExtensibilityGlobals) = postSolution
		SolutionGuid = {E5F6F90C-0075-4B10-AC6D-536203C8C9E9}
	EndGlobalSection
EndGlobal
